
Microsoft Visual Studio Solution File, Format Version 12.00
# Visual Studio 2013
VisualStudioVersion = 12.0.31101.0
MinimumVisualStudioVersion = 10.0.40219.1
Project("{8BC9CEB8-8B4A-11D0-8D11-00A0C91BC942}") = "PE24", "PE24\PE24.vcxproj", "{9F51082F-B185-485D-8471-EA83F16D0AE3}"
EndProject
Project("{8BC9CEB8-8B4A-11D0-8D11-00A0C91BC942}") = "PE26", "PE26\PE26.vcxproj", "{20C8B672-2518-4F80-B48B-D0D46304809E}"
EndProject
Project("{8BC9CEB8-8B4A-11D0-8D11-00A0C91BC942}") = "Functions", "Functions\Functions.vcxproj", "{2F8596F1-30D4-451B-96BB-19305A2A6ADF}"
EndProject
Global
	GlobalSection(SolutionConfigurationPlatforms) = preSolution
		Debug|Win32 = Debug|Win32
		Release|Win32 = Release|Win32
	EndGlobalSection
	GlobalSection(ProjectConfigurationPlatforms) = postSolution
		{9F51082F-B185-485D-8471-EA83F16D0AE3}.Debug|Win32.ActiveCfg = Debug|Win32
		{9F51082F-B185-485D-8471-EA83F16D0AE3}.Debug|Win32.Build.0 = Debug|Win32
		{9F51082F-B185-485D-8471-EA83F16D0AE3}.Release|Win32.ActiveCfg = Release|Win32
		{9F51082F-B185-485D-8471-EA83F16D0AE3}.Release|Win32.Build.0 = Release|Win32
		{20C8B672-2518-4F80-B48B-D0D46304809E}.Debug|Win32.ActiveCfg = Debug|Win32
		{20C8B672-2518-4F80-B48B-D0D46304809E}.Debug|Win32.Build.0 = Debug|Win32
		{20C8B672-2518-4F80-B48B-D0D46304809E}.Release|Win32.ActiveCfg = Release|Win32
		{20C8B672-2518-4F80-B48B-D0D46304809E}.Release|Win32.Build.0 = Release|Win32
		{2F8596F1-30D4-451B-96BB-19305A2A6ADF}.Debug|Win32.ActiveCfg = Debug|Win32
		{2F8596F1-30D4-451B-96BB-19305A2A6ADF}.Debug|Win32.Build.0 = Debug|Win32
		{2F8596F1-30D4-451B-96BB-19305A2A6ADF}.Release|Win32.ActiveCfg = Release|Win32
		{2F8596F1-30D4-451B-96BB-19305A2A6ADF}.Release|Win32.Build.0 = Release|Win32
	EndGlobalSection
	GlobalSection(SolutionProperties) = preSolution
		HideSolutionNode = FALSE
	EndGlobalSection
EndGlobal
